
Microsoft Visual Studio Solution File, Format Version 12.00
# Visual Studio 15
Project("{FAE04EC0-301F-11D3-BF4B-00C04F79EFBC}") = "Assembly-CSharp-Editor", "Assembly-CSharp-Editor.csproj", "{CCF6F428-46E6-F73A-AD06-8FAB048472E2}"
EndProject
Project("{FAE04EC0-301F-11D3-BF4B-00C04F79EFBC}") = "Assembly-CSharp", "Assembly-CSharp.csproj", "{530B431B-5129-32C8-D421-56B97DDAD7FB}"
EndProject
Global
	GlobalSection(SolutionConfigurationPlatforms) = preSolution
		Debug|Any CPU = Debug|Any CPU
		Release|Any CPU = Release|Any CPU
	EndGlobalSection
	GlobalSection(ProjectConfigurationPlatforms) = postSolution
		{CCF6F428-46E6-F73A-AD06-8FAB048472E2}.Debug|Any CPU.ActiveCfg = Debug|Any CPU
		{CCF6F428-46E6-F73A-AD06-8FAB048472E2}.Debug|Any CPU.Build.0 = Debug|Any CPU
		{CCF6F428-46E6-F73A-AD06-8FAB048472E2}.Release|Any CPU.ActiveCfg = Release|Any CPU
		{CCF6F428-46E6-F73A-AD06-8FAB048472E2}.Release|Any CPU.Build.0 = Release|Any CPU
		{530B431B-5129-32C8-D421-56B97DDAD7FB}.Debug|Any CPU.ActiveCfg = Debug|Any CPU
		{530B431B-5129-32C8-D421-56B97DDAD7FB}.Debug|Any CPU.Build.0 = Debug|Any CPU
		{530B431B-5129-32C8-D421-56B97DDAD7FB}.Release|Any CPU.ActiveCfg = Release|Any CPU
		{530B431B-5129-32C8-D421-56B97DDAD7FB}.Release|Any CPU.Build.0 = Release|Any CPU
	EndGlobalSection
	GlobalSection(SolutionProperties) = preSolution
		HideSolutionNode = FALSE
	EndGlobalSection
EndGlobal
